
Microsoft Visual Studio Solution File, Format Version 12.00
# Visual Studio 2015
Project("{FAE04EC0-301F-11D3-BF4B-00C04F79EFBC}") = "Kamikaze.CSharp", "Kamikaze.CSharp.csproj", "{E1B7DA57-AAFC-FD9F-F86B-0DC1A983865E}"
EndProject
Project("{FAE04EC0-301F-11D3-BF4B-00C04F79EFBC}") = "Kamikaze.CSharp.Editor", "Kamikaze.CSharp.Editor.csproj", "{E4E671EB-C712-9312-F2C5-06E995AB605B}"
EndProject
Global
	GlobalSection(SolutionConfigurationPlatforms) = preSolution
		Debug|Any CPU = Debug|Any CPU
		Release|Any CPU = Release|Any CPU
	EndGlobalSection
	GlobalSection(ProjectConfigurationPlatforms) = postSolution
		{E1B7DA57-AAFC-FD9F-F86B-0DC1A983865E}.Debug|Any CPU.ActiveCfg = Debug|Any CPU
		{E1B7DA57-AAFC-FD9F-F86B-0DC1A983865E}.Debug|Any CPU.Build.0 = Debug|Any CPU
		{E1B7DA57-AAFC-FD9F-F86B-0DC1A983865E}.Release|Any CPU.ActiveCfg = Release|Any CPU
		{E1B7DA57-AAFC-FD9F-F86B-0DC1A983865E}.Release|Any CPU.Build.0 = Release|Any CPU
		{E4E671EB-C712-9312-F2C5-06E995AB605B}.Debug|Any CPU.ActiveCfg = Debug|Any CPU
		{E4E671EB-C712-9312-F2C5-06E995AB605B}.Debug|Any CPU.Build.0 = Debug|Any CPU
		{E4E671EB-C712-9312-F2C5-06E995AB605B}.Release|Any CPU.ActiveCfg = Release|Any CPU
		{E4E671EB-C712-9312-F2C5-06E995AB605B}.Release|Any CPU.Build.0 = Release|Any CPU
	EndGlobalSection
	GlobalSection(SolutionProperties) = preSolution
		HideSolutionNode = FALSE
	EndGlobalSection
EndGlobal
